github.com/aither64/codex-web v0.0.0-20261002145902-4c170393a96e h1:iScn1So8w51xbvi7sWPkTQ20vTO3/4eJvuB58p55TVM=
github.com/aither64/codex-web v0.0.0-20261002145902-4c170393a96e/go.mod h1:wxfbQeNrjnDW43kExN39RdEflxekqogIDfernCytTEc=
github.com/coder/websocket v1.8.14 h1:9L0p0iKiNOibykf283eHkKUHHrpG7f65OE3BhhO7v9g=
github.com/coder/websocket v1.8.14/go.mod h1:NX3SzP+inril6yawo5CQXx8+fk145lPDC6pumgx0mVg=
golang.org/x/sys v0.35.0 h1:vz1N37gP5bs89s7He8XuIYXpyY0+QlsKmzipCbUtyxI=
golang.org/x/sys v0.35.0/go.mod h1:BJP2sWEmIv4KK5OTEluFJCKSidICx8ciO85XgH3Ak8k=
